{
  "name": "@ahkohd/oyo",
  "version": "0.1.40",
  "lockfileVersion": 3,
  "requires": true,
  "packages": {
    "": {
      "name": "@ahkohd/oyo",
      "version": "0.1.40",
      "license": "MIT",
      "bin": {
        "oy": "bin/oy.js"
      },
      "engines": {
        "node": ">=18"
      },
      "optionalDependencies": {
        "@ahkohd/oyo-darwin-arm64": "0.1.40",
        "@ahkohd/oyo-darwin-x64": "0.1.40",
        "@ahkohd/oyo-linux-arm64-gnu": "0.1.40",
        "@ahkohd/oyo-linux-x64-gnu": "0.1.40"
      }
    },
    "node_modules/@ahkohd/oyo-darwin-arm64": {
      "version": "0.1.40",
      "resolved": "https://registry.npmjs.org/@ahkohd/oyo-darwin-arm64/-/oyo-darwin-arm64-0.1.40.tgz",
      "integrity": "sha512-th/MYYG5EP7AS5BureB6/bZw0Uyj3UF1R1BYvgT9BH6cLY30JFaGtpROQgkYZOgrOnRzr+tFxUF5l+qUAk7nmg==",
      "cpu": [
        "arm64"
      ],
      "license": "MIT",
      "optional": true,
      "os": [
        "darwin"
      ]
    },
    "node_modules/@ahkohd/oyo-darwin-x64": {
      "version": "0.1.40",
      "resolved": "https://registry.npmjs.org/@ahkohd/oyo-darwin-x64/-/oyo-darwin-x64-0.1.40.tgz",
      "integrity": "sha512-IKSvlW7uU/EVVKOE+6HiO5rwBZNR/5R2IjtAdS59CRyhXIPQdZoFCrQU61BbZ+2+OZB92AEW+LN8YXp9HjXsDw==",
      "cpu": [
        "x64"
      ],
      "license": "MIT",
      "optional": true,
      "os": [
        "darwin"
      ]
    },
    "node_modules/@ahkohd/oyo-linux-arm64-gnu": {
      "version": "0.1.40",
      "resolved": "https://registry.npmjs.org/@ahkohd/oyo-linux-arm64-gnu/-/oyo-linux-arm64-gnu-0.1.40.tgz",
      "integrity": "sha512-I2olaWLVi4ru25swfsvM3E8sKldSHqB9S7ljqednibLbmsoqp8ccwAcLeU8IgvNmvUC5wC8ooMTake2FatjxWw==",
      "cpu": [
        "arm64"
      ],
      "libc": [
        "glibc"
      ],
      "license": "MIT",
      "optional": true,
      "os": [
        "linux"
      ]
    },
    "node_modules/@ahkohd/oyo-linux-x64-gnu": {
      "version": "0.1.40",
      "resolved": "https://registry.npmjs.org/@ahkohd/oyo-linux-x64-gnu/-/oyo-linux-x64-gnu-0.1.40.tgz",
      "integrity": "sha512-VoQifynEFkbLYoURcdTPJJCz9Thak1SQ5BFoovUiZTQbH4rW5ofjC3+GrVe+8DUKuZijFZF7jL0vkMWkfCMwGQ==",
      "cpu": [
        "x64"
      ],
      "libc": [
        "glibc"
      ],
      "license": "MIT",
      "optional": true,
      "os": [
        "linux"
      ]
    }
  }
}
